{
  "nodes": {
    "nixpkgs": {
      "locked": {
        "lastModified": 1750515232,
        "narHash": "sha256-JvIAcO4D4PttceXd5+8g+dqoYatjZb8CwTDyZ0pW3Sg=",
        "owner": "nixos",
        "repo": "nixpkgs",
        "rev": "8f3b0bbc3eb937571adf5d6a2a0fa5be92b6c992",
        "type": "github"
      },
      "original": {
        "owner": "nixos",
        "repo": "nixpkgs",
        "type": "github"
      }
    },
    "root": {
      "inputs": {
        "nixpkgs": "nixpkgs"
      }
    }
  },
  "root": "root",
  "version": 7
}
